
Microsoft Visual Studio Solution File, Format Version 12.00
# Visual Studio 14
VisualStudioVersion = 14.0.25420.1
MinimumVisualStudioVersion = 10.0.40219.1
Project("{FAE04EC0-301F-11D3-BF4B-00C04F79EFBC}") = "RegistrationApp.DataAccess", "RegistrationApp.DataAccess\RegistrationApp.DataAccess.csproj", "{F8CA9B3A-0D15-4BD7-AA65-C23E8F777932}"
EndProject
Project("{FAE04EC0-301F-11D3-BF4B-00C04F79EFBC}") = "RegistrationApp.Tests", "RegistrationApp.Tests\RegistrationApp.Tests.csproj", "{FC0F6F23-482E-4B6F-9927-89B2412D473F}"
EndProject
Project("{FAE04EC0-301F-11D3-BF4B-00C04F79EFBC}") = "RegistrationApp.Utilities", "RegistrationApp.Utilities\RegistrationApp.Utilities.csproj", "{BF73A78F-B008-4450-BF1D-1B60DE7782DB}"
EndProject
Project("{FAE04EC0-301F-11D3-BF4B-00C04F79EFBC}") = "RegistrationApp.DataClient", "RegistrationApp.DataClient\RegistrationApp.DataClient.csproj", "{DF9DD471-8B96-46FF-BE10-8C396246A84E}"
EndProject
Global
	GlobalSection(SolutionConfigurationPlatforms) = preSolution
		Debug|Any CPU = Debug|Any CPU
		Release|Any CPU = Release|Any CPU
	EndGlobalSection
	GlobalSection(ProjectConfigurationPlatforms) = postSolution
		{F8CA9B3A-0D15-4BD7-AA65-C23E8F777932}.Debug|Any CPU.ActiveCfg = Debug|Any CPU
		{F8CA9B3A-0D15-4BD7-AA65-C23E8F777932}.Debug|Any CPU.Build.0 = Debug|Any CPU
		{F8CA9B3A-0D15-4BD7-AA65-C23E8F777932}.Release|Any CPU.ActiveCfg = Release|Any CPU
		{F8CA9B3A-0D15-4BD7-AA65-C23E8F777932}.Release|Any CPU.Build.0 = Release|Any CPU
		{FC0F6F23-482E-4B6F-9927-89B2412D473F}.Debug|Any CPU.ActiveCfg = Debug|Any CPU
		{FC0F6F23-482E-4B6F-9927-89B2412D473F}.Debug|Any CPU.Build.0 = Debug|Any CPU
		{FC0F6F23-482E-4B6F-9927-89B2412D473F}.Release|Any CPU.ActiveCfg = Release|Any CPU
		{FC0F6F23-482E-4B6F-9927-89B2412D473F}.Release|Any CPU.Build.0 = Release|Any CPU
		{BF73A78F-B008-4450-BF1D-1B60DE7782DB}.Debug|Any CPU.ActiveCfg = Debug|Any CPU
		{BF73A78F-B008-4450-BF1D-1B60DE7782DB}.Debug|Any CPU.Build.0 = Debug|Any CPU
		{BF73A78F-B008-4450-BF1D-1B60DE7782DB}.Release|Any CPU.ActiveCfg = Release|Any CPU
		{BF73A78F-B008-4450-BF1D-1B60DE7782DB}.Release|Any CPU.Build.0 = Release|Any CPU
		{DF9DD471-8B96-46FF-BE10-8C396246A84E}.Debug|Any CPU.ActiveCfg = Debug|Any CPU
		{DF9DD471-8B96-46FF-BE10-8C396246A84E}.Debug|Any CPU.Build.0 = Debug|Any CPU
		{DF9DD471-8B96-46FF-BE10-8C396246A84E}.Release|Any CPU.ActiveCfg = Release|Any CPU
		{DF9DD471-8B96-46FF-BE10-8C396246A84E}.Release|Any CPU.Build.0 = Release|Any CPU
	EndGlobalSection
	GlobalSection(SolutionProperties) = preSolution
		HideSolutionNode = FALSE
	EndGlobalSection
EndGlobal
